
Microsoft Visual Studio Solution File, Format Version 12.00
# Visual Studio Version 17
VisualStudioVersion = 17.0.31903.59
MinimumVisualStudioVersion = 10.0.40219.1
Project("{FAE04EC0-301F-11D3-BF4B-00C04F79EFBC}") = "BlazorWebTemplate.Web", "BlazorWebTemplate.Web\BlazorWebTemplate.Web.csproj", "{8A65C7C9-DD3A-40E5-87FC-A6D10AAE2294}"
EndProject
Project("{FAE04EC0-301F-11D3-BF4B-00C04F79EFBC}") = "BlazorWebTemplate.Client", "BlazorWebTemplate.Client\BlazorWebTemplate.Client.csproj", "{3128FF99-E5D5-452D-9AED-512C0FE9137B}"
EndProject
Project("{FAE04EC0-301F-11D3-BF4B-00C04F79EFBC}") = "BlazorWebTemplate.Shared", "BlazorWebTemplate.Shared\BlazorWebTemplate.Shared.csproj", "{A4F9F5DA-7F23-45F9-ABF2-CCC2B99E9A78}"
EndProject
Project("{FAE04EC0-301F-11D3-BF4B-00C04F79EFBC}") = "BlazorWebTemplate.Tests", "BlazorWebTemplate.Tests\BlazorWebTemplate.Tests.csproj", "{28DCDF60-3A65-4B14-A892-593456720893}"
EndProject
Global
	GlobalSection(SolutionProperties) = preSolution
		HideSolutionNode = FALSE
	EndGlobalSection
	GlobalSection(SolutionConfigurationPlatforms) = preSolution
		Debug|Any CPU = Debug|Any CPU
		Debug|x64 = Debug|x64
		Debug|x86 = Debug|x86
		Release|Any CPU = Release|Any CPU
		Release|x64 = Release|x64
		Release|x86 = Release|x86
	EndGlobalSection
	GlobalSection(ProjectConfigurationPlatforms) = postSolution
		{8A65C7C9-DD3A-40E5-87FC-A6D10AAE2294}.Debug|Any CPU.ActiveCfg = Debug|Any CPU
		{8A65C7C9-DD3A-40E5-87FC-A6D10AAE2294}.Debug|Any CPU.Build.0 = Debug|Any CPU
		{8A65C7C9-DD3A-40E5-87FC-A6D10AAE2294}.Debug|x64.ActiveCfg = Debug|Any CPU
		{8A65C7C9-DD3A-40E5-87FC-A6D10AAE2294}.Debug|x64.Build.0 = Debug|Any CPU
		{8A65C7C9-DD3A-40E5-87FC-A6D10AAE2294}.Debug|x86.ActiveCfg = Debug|Any CPU
		{8A65C7C9-DD3A-40E5-87FC-A6D10AAE2294}.Debug|x86.Build.0 = Debug|Any CPU
		{8A65C7C9-DD3A-40E5-87FC-A6D10AAE2294}.Release|Any CPU.ActiveCfg = Release|Any CPU
		{8A65C7C9-DD3A-40E5-87FC-A6D10AAE2294}.Release|Any CPU.Build.0 = Release|Any CPU
		{8A65C7C9-DD3A-40E5-87FC-A6D10AAE2294}.Release|x64.ActiveCfg = Release|Any CPU
		{8A65C7C9-DD3A-40E5-87FC-A6D10AAE2294}.Release|x64.Build.0 = Release|Any CPU
		{8A65C7C9-DD3A-40E5-87FC-A6D10AAE2294}.Release|x86.ActiveCfg = Release|Any CPU
		{8A65C7C9-DD3A-40E5-87FC-A6D10AAE2294}.Release|x86.Build.0 = Release|Any CPU
		{3128FF99-E5D5-452D-9AED-512C0FE9137B}.Debug|Any CPU.ActiveCfg = Debug|Any CPU
		{3128FF99-E5D5-452D-9AED-512C0FE9137B}.Debug|Any CPU.Build.0 = Debug|Any CPU
		{3128FF99-E5D5-452D-9AED-512C0FE9137B}.Debug|x64.ActiveCfg = Debug|Any CPU
		{3128FF99-E5D5-452D-9AED-512C0FE9137B}.Debug|x64.Build.0 = Debug|Any CPU
		{3128FF99-E5D5-452D-9AED-512C0FE9137B}.Debug|x86.ActiveCfg = Debug|Any CPU
		{3128FF99-E5D5-452D-9AED-512C0FE9137B}.Debug|x86.Build.0 = Debug|Any CPU
		{3128FF99-E5D5-452D-9AED-512C0FE9137B}.Release|Any CPU.ActiveCfg = Release|Any CPU
		{3128FF99-E5D5-452D-9AED-512C0FE9137B}.Release|Any CPU.Build.0 = Release|Any CPU
		{3128FF99-E5D5-452D-9AED-512C0FE9137B}.Release|x64.ActiveCfg = Release|Any CPU
		{3128FF99-E5D5-452D-9AED-512C0FE9137B}.Release|x64.Build.0 = Release|Any CPU
		{3128FF99-E5D5-452D-9AED-512C0FE9137B}.Release|x86.ActiveCfg = Release|Any CPU
		{3128FF99-E5D5-452D-9AED-512C0FE9137B}.Release|x86.Build.0 = Release|Any CPU
		{A4F9F5DA-7F23-45F9-ABF2-CCC2B99E9A78}.Debug|Any CPU.ActiveCfg = Debug|Any CPU
		{A4F9F5DA-7F23-45F9-ABF2-CCC2B99E9A78}.Debug|Any CPU.Build.0 = Debug|Any CPU
		{A4F9F5DA-7F23-45F9-ABF2-CCC2B99E9A78}.Debug|x64.ActiveCfg = Debug|Any CPU
		{A4F9F5DA-7F23-45F9-ABF2-CCC2B99E9A78}.Debug|x64.Build.0 = Debug|Any CPU
		{A4F9F5DA-7F23-45F9-ABF2-CCC2B99E9A78}.Debug|x86.ActiveCfg = Debug|Any CPU
		{A4F9F5DA-7F23-45F9-ABF2-CCC2B99E9A78}.Debug|x86.Build.0 = Debug|Any CPU
		{A4F9F5DA-7F23-45F9-ABF2-CCC2B99E9A78}.Release|Any CPU.ActiveCfg = Release|Any CPU
		{A4F9F5DA-7F23-45F9-ABF2-CCC2B99E9A78}.Release|Any CPU.Build.0 = Release|Any CPU
		{A4F9F5DA-7F23-45F9-ABF2-CCC2B99E9A78}.Release|x64.ActiveCfg = Release|Any CPU
		{A4F9F5DA-7F23-45F9-ABF2-CCC2B99E9A78}.Release|x64.Build.0 = Release|Any CPU
		{A4F9F5DA-7F23-45F9-ABF2-CCC2B99E9A78}.Release|x86.ActiveCfg = Release|Any CPU
		{A4F9F5DA-7F23-45F9-ABF2-CCC2B99E9A78}.Release|x86.Build.0 = Release|Any CPU
		{28DCDF60-3A65-4B14-A892-593456720893}.Debug|Any CPU.ActiveCfg = Debug|Any CPU
		{28DCDF60-3A65-4B14-A892-593456720893}.Debug|Any CPU.Build.0 = Debug|Any CPU
		{28DCDF60-3A65-4B14-A892-593456720893}.Debug|x64.ActiveCfg = Debug|Any CPU
		{28DCDF60-3A65-4B14-A892-593456720893}.Debug|x64.Build.0 = Debug|Any CPU
		{28DCDF60-3A65-4B14-A892-593456720893}.Debug|x86.ActiveCfg = Debug|Any CPU
		{28DCDF60-3A65-4B14-A892-593456720893}.Debug|x86.Build.0 = Debug|Any CPU
		{28DCDF60-3A65-4B14-A892-593456720893}.Release|Any CPU.ActiveCfg = Release|Any CPU
		{28DCDF60-3A65-4B14-A892-593456720893}.Release|Any CPU.Build.0 = Release|Any CPU
		{28DCDF60-3A65-4B14-A892-593456720893}.Release|x64.ActiveCfg = Release|Any CPU
		{28DCDF60-3A65-4B14-A892-593456720893}.Release|x64.Build.0 = Release|Any CPU
		{28DCDF60-3A65-4B14-A892-593456720893}.Release|x86.ActiveCfg = Release|Any CPU
		{28DCDF60-3A65-4B14-A892-593456720893}.Release|x86.Build.0 = Release|Any CPU
	EndGlobalSection
EndGlobal
